
Microsoft Visual Studio Solution File, Format Version 12.00
# Visual Studio 15
VisualStudioVersion = 15.0.28307.271
MinimumVisualStudioVersion = 10.0.40219.1
Project("{FAE04EC0-301F-11D3-BF4B-00C04F79EFBC}") = "banking_UI", "Banking-app\banking_UI.csproj", "{AE057371-35B2-42F7-B42A-E025C4CF354A}"
EndProject
Project("{FAE04EC0-301F-11D3-BF4B-00C04F79EFBC}") = "banking_logic", "banking_logic\banking_logic.csproj", "{BBFC4AD4-9B5A-4623-8880-9D333D31308F}"
EndProject
Global
	GlobalSection(SolutionConfigurationPlatforms) = preSolution
		Debug|Any CPU = Debug|Any CPU
		Release|Any CPU = Release|Any CPU
	EndGlobalSection
	GlobalSection(ProjectConfigurationPlatforms) = postSolution
		{AE057371-35B2-42F7-B42A-E025C4CF354A}.Debug|Any CPU.ActiveCfg = Debug|Any CPU
		{AE057371-35B2-42F7-B42A-E025C4CF354A}.Debug|Any CPU.Build.0 = Debug|Any CPU
		{AE057371-35B2-42F7-B42A-E025C4CF354A}.Release|Any CPU.ActiveCfg = Release|Any CPU
		{AE057371-35B2-42F7-B42A-E025C4CF354A}.Release|Any CPU.Build.0 = Release|Any CPU
		{BBFC4AD4-9B5A-4623-8880-9D333D31308F}.Debug|Any CPU.ActiveCfg = Debug|Any CPU
		{BBFC4AD4-9B5A-4623-8880-9D333D31308F}.Debug|Any CPU.Build.0 = Debug|Any CPU
		{BBFC4AD4-9B5A-4623-8880-9D333D31308F}.Release|Any CPU.ActiveCfg = Release|Any CPU
		{BBFC4AD4-9B5A-4623-8880-9D333D31308F}.Release|Any CPU.Build.0 = Release|Any CPU
	EndGlobalSection
	GlobalSection(SolutionProperties) = preSolution
		HideSolutionNode = FALSE
	EndGlobalSection
	GlobalSection(ExtensibilityGlobals) = postSolution
		SolutionGuid = {92B1ECA5-8850-477B-9163-C39313C8D974}
	EndGlobalSection
EndGlobal
